
Microsoft Visual Studio Solution File, Format Version 12.00
# Visual Studio Version 17
VisualStudioVersion = 17.5.33414.496
MinimumVisualStudioVersion = 10.0.40219.1
Project("{FAE04EC0-301F-11D3-BF4B-00C04F79EFBC}") = "LinqListConversion", "LinqListConversion\LinqListConversion.csproj", "{CEA0E300-395B-42CE-AEBE-0A47241095D9}"
EndProject
Global
	GlobalSection(SolutionConfigurationPlatforms) = preSolution
		Debug|Any CPU = Debug|Any CPU
		Release|Any CPU = Release|Any CPU
	EndGlobalSection
	GlobalSection(ProjectConfigurationPlatforms) = postSolution
		{CEA0E300-395B-42CE-AEBE-0A47241095D9}.Debug|Any CPU.ActiveCfg = Debug|Any CPU
		{CEA0E300-395B-42CE-AEBE-0A47241095D9}.Debug|Any CPU.Build.0 = Debug|Any CPU
		{CEA0E300-395B-42CE-AEBE-0A47241095D9}.Release|Any CPU.ActiveCfg = Release|Any CPU
		{CEA0E300-395B-42CE-AEBE-0A47241095D9}.Release|Any CPU.Build.0 = Release|Any CPU
	EndGlobalSection
	GlobalSection(SolutionProperties) = preSolution
		HideSolutionNode = FALSE
	EndGlobalSection
	GlobalSection(ExtensibilityGlobals) = postSolution
		SolutionGuid = {E1978B8A-42BF-4802-918C-28B15D4796B0}
	EndGlobalSection
EndGlobal
