
Microsoft Visual Studio Solution File, Format Version 12.00
# Visual Studio Version 17
VisualStudioVersion = 17.5.33414.496
MinimumVisualStudioVersion = 10.0.40219.1
Project("{FAE04EC0-301F-11D3-BF4B-00C04F79EFBC}") = "ObjectCounter", "ObjectCounter\ObjectCounter.csproj", "{941706E9-A6FF-4903-A2A7-ADC815D6A161}"
EndProject
Global
	GlobalSection(SolutionConfigurationPlatforms) = preSolution
		Debug|Any CPU = Debug|Any CPU
		Release|Any CPU = Release|Any CPU
	EndGlobalSection
	GlobalSection(ProjectConfigurationPlatforms) = postSolution
		{941706E9-A6FF-4903-A2A7-ADC815D6A161}.Debug|Any CPU.ActiveCfg = Debug|Any CPU
		{941706E9-A6FF-4903-A2A7-ADC815D6A161}.Debug|Any CPU.Build.0 = Debug|Any CPU
		{941706E9-A6FF-4903-A2A7-ADC815D6A161}.Release|Any CPU.ActiveCfg = Release|Any CPU
		{941706E9-A6FF-4903-A2A7-ADC815D6A161}.Release|Any CPU.Build.0 = Release|Any CPU
	EndGlobalSection
	GlobalSection(SolutionProperties) = preSolution
		HideSolutionNode = FALSE
	EndGlobalSection
	GlobalSection(ExtensibilityGlobals) = postSolution
		SolutionGuid = {E96381A4-4639-49C9-BACE-CABF176834A5}
	EndGlobalSection
EndGlobal
