
Microsoft Visual Studio Solution File, Format Version 12.00
# Visual Studio Version 17
VisualStudioVersion = 17.5.33414.496
MinimumVisualStudioVersion = 10.0.40219.1
Project("{FAE04EC0-301F-11D3-BF4B-00C04F79EFBC}") = "PlateNumber", "PlateNumber\PlateNumber.csproj", "{A1D19E8B-CD36-4033-9EF0-1EF6BDC31EAA}"
EndProject
Global
	GlobalSection(SolutionConfigurationPlatforms) = preSolution
		Debug|Any CPU = Debug|Any CPU
		Release|Any CPU = Release|Any CPU
	EndGlobalSection
	GlobalSection(ProjectConfigurationPlatforms) = postSolution
		{A1D19E8B-CD36-4033-9EF0-1EF6BDC31EAA}.Debug|Any CPU.ActiveCfg = Debug|Any CPU
		{A1D19E8B-CD36-4033-9EF0-1EF6BDC31EAA}.Debug|Any CPU.Build.0 = Debug|Any CPU
		{A1D19E8B-CD36-4033-9EF0-1EF6BDC31EAA}.Release|Any CPU.ActiveCfg = Release|Any CPU
		{A1D19E8B-CD36-4033-9EF0-1EF6BDC31EAA}.Release|Any CPU.Build.0 = Release|Any CPU
	EndGlobalSection
	GlobalSection(SolutionProperties) = preSolution
		HideSolutionNode = FALSE
	EndGlobalSection
	GlobalSection(ExtensibilityGlobals) = postSolution
		SolutionGuid = {55E80155-5A1E-4918-BFA5-B98263D33DDB}
	EndGlobalSection
EndGlobal
